PODS:
  - beCoMapOutdoor (5.0.3):
    - Google-Maps-iOS-Utils (~> 4.1.0)
    - GoogleMaps (~> 7.4.0)
    - SwiftProtobuf (~> 1.24.0)
  - Google-Maps-iOS-Utils (4.1.0):
    - Google-Maps-iOS-Utils/Clustering (= 4.1.0)
    - Google-Maps-iOS-Utils/Geometry (= 4.1.0)
    - Google-Maps-iOS-Utils/GeometryUtils (= 4.1.0)
    - Google-Maps-iOS-Utils/Heatmap (= 4.1.0)
    - Google-Maps-iOS-Utils/QuadTree (= 4.1.0)
    - GoogleMaps
  - Google-Maps-iOS-Utils/Clustering (4.1.0):
    - Google-Maps-iOS-Utils/QuadTree
    - GoogleMaps
  - Google-Maps-iOS-Utils/Geometry (4.1.0):
    - GoogleMaps
  - Google-Maps-iOS-Utils/GeometryUtils (4.1.0):
    - GoogleMaps
  - Google-Maps-iOS-Utils/Heatmap (4.1.0):
    - Google-Maps-iOS-Utils/QuadTree
    - GoogleMaps
  - Google-Maps-iOS-Utils/QuadTree (4.1.0):
    - GoogleMaps
  - GoogleMaps (7.4.0):
    - GoogleMaps/Maps (= 7.4.0)
  - GoogleMaps/Base (7.4.0)
  - GoogleMaps/Maps (7.4.0):
    - GoogleMaps/Base
  - SwiftProtobuf (1.24.0)

DEPENDENCIES:
  - beCoMapOutdoor (= 5.0.3)

SPEC REPOS:
  trunk:
    - beCoMapOutdoor
    - Google-Maps-iOS-Utils
    - GoogleMaps
    - SwiftProtobuf

SPEC CHECKSUMS:
  beCoMapOutdoor: 3005bfcb0af449c07657519d4a3ebed0d35a49f4
  Google-Maps-iOS-Utils: 3343332b18dfd5be8f1f44edd7d481ace3da4d9a
  GoogleMaps: 032f676450ba0779bd8ce16840690915f84e57ac
  SwiftProtobuf: bcfd2bc231cf9ae552cdc7c4e877bd3b41fe57b1

PODFILE CHECKSUM: 115c5ac0e3b9e58c8286c6a07a67762527549c2c

COCOAPODS: 1.13.0
