PODS:
  - beCoMapOutdoor (3.0.0):
    - Google-Maps-iOS-Utils (~> 4.1.0)
    - GoogleMaps (~> 7.1.0)
    - SwiftProtobuf (~> 1.20.1)
  - Google-Maps-iOS-Utils (4.1.0):
    - Google-Maps-iOS-Utils/Clustering (= 4.1.0)
    - Google-Maps-iOS-Utils/Geometry (= 4.1.0)
    - Google-Maps-iOS-Utils/GeometryUtils (= 4.1.0)
    - Google-Maps-iOS-Utils/Heatmap (= 4.1.0)
    - Google-Maps-iOS-Utils/QuadTree (= 4.1.0)
    - GoogleMaps
  - Google-Maps-iOS-Utils/Clustering (4.1.0):
    - Google-Maps-iOS-Utils/QuadTree
    - GoogleMaps
  - Google-Maps-iOS-Utils/Geometry (4.1.0):
    - GoogleMaps
  - Google-Maps-iOS-Utils/GeometryUtils (4.1.0):
    - GoogleMaps
  - Google-Maps-iOS-Utils/Heatmap (4.1.0):
    - Google-Maps-iOS-Utils/QuadTree
    - GoogleMaps
  - Google-Maps-iOS-Utils/QuadTree (4.1.0):
    - GoogleMaps
  - GoogleMaps (7.1.0):
    - GoogleMaps/Maps (= 7.1.0)
  - GoogleMaps/Base (7.1.0)
  - GoogleMaps/Maps (7.1.0):
    - GoogleMaps/Base
  - SwiftProtobuf (1.20.2)

DEPENDENCIES:
  - beCoMapOutdoor (= 3.0.0)

SPEC REPOS:
  trunk:
    - beCoMapOutdoor
    - Google-Maps-iOS-Utils
    - GoogleMaps
    - SwiftProtobuf

SPEC CHECKSUMS:
  beCoMapOutdoor: 49fea15d726abd12d093f5a271abc490b48ca5c1
  Google-Maps-iOS-Utils: 3343332b18dfd5be8f1f44edd7d481ace3da4d9a
  GoogleMaps: bc56ffb0324e345a2d91bac1a64a920f9c8f1b20
  SwiftProtobuf: 9f458aaa7844a2fc0b910053e66578bc4e2da9c1

PODFILE CHECKSUM: c65117d28b75f63ce07056a83bd0e82d90ba7a36

COCOAPODS: 1.11.3
